
Microsoft Visual Studio Solution File, Format Version 12.00
# Visual Studio 15
VisualStudioVersion = 15.0.27130.2027
MinimumVisualStudioVersion = 10.0.40219.1
Project("{FAE04EC0-301F-11D3-BF4B-00C04F79EFBC}") = "Outil_Capture_HYDROS", "Outil_Capture_HYDROS\Outil_Capture_HYDROS.csproj", "{DAED5DBF-DC67-4028-AC44-78786C853EEC}"
EndProject
Global
	GlobalSection(SolutionConfigurationPlatforms) = preSolution
		Debug|Any CPU = Debug|Any CPU
		Release|Any CPU = Release|Any CPU
	EndGlobalSection
	GlobalSection(ProjectConfigurationPlatforms) = postSolution
		{DAED5DBF-DC67-4028-AC44-78786C853EEC}.Debug|Any CPU.ActiveCfg = Debug|Any CPU
		{DAED5DBF-DC67-4028-AC44-78786C853EEC}.Debug|Any CPU.Build.0 = Debug|Any CPU
		{DAED5DBF-DC67-4028-AC44-78786C853EEC}.Release|Any CPU.ActiveCfg = Release|Any CPU
		{DAED5DBF-DC67-4028-AC44-78786C853EEC}.Release|Any CPU.Build.0 = Release|Any CPU
	EndGlobalSection
	GlobalSection(SolutionProperties) = preSolution
		HideSolutionNode = FALSE
	EndGlobalSection
	GlobalSection(ExtensibilityGlobals) = postSolution
		SolutionGuid = {001A068E-17BE-4CFD-8C2C-296C672FC4D1}
	EndGlobalSection
EndGlobal
